
Microsoft Visual Studio Solution File, Format Version 12.00
# Visual Studio Version 16
VisualStudioVersion = 16.0.28803.156
MinimumVisualStudioVersion = 10.0.40219.1
Project("{FAE04EC0-301F-11D3-BF4B-00C04F79EFBC}") = "Projektni2019_BNFParser", "Projektni2019_BNFParser\Projektni2019_BNFParser.csproj", "{5CA2719E-7C68-4B23-8DF2-65406F1CA8E2}"
EndProject
Global
	GlobalSection(SolutionConfigurationPlatforms) = preSolution
		Debug|Any CPU = Debug|Any CPU
		Release|Any CPU = Release|Any CPU
		SpammyOutput|Any CPU = SpammyOutput|Any CPU
	EndGlobalSection
	GlobalSection(ProjectConfigurationPlatforms) = postSolution
		{5CA2719E-7C68-4B23-8DF2-65406F1CA8E2}.Debug|Any CPU.ActiveCfg = Debug|Any CPU
		{5CA2719E-7C68-4B23-8DF2-65406F1CA8E2}.Debug|Any CPU.Build.0 = Debug|Any CPU
		{5CA2719E-7C68-4B23-8DF2-65406F1CA8E2}.Release|Any CPU.ActiveCfg = Release|Any CPU
		{5CA2719E-7C68-4B23-8DF2-65406F1CA8E2}.Release|Any CPU.Build.0 = Release|Any CPU
		{5CA2719E-7C68-4B23-8DF2-65406F1CA8E2}.SpammyOutput|Any CPU.ActiveCfg = SpammyOutput|Any CPU
		{5CA2719E-7C68-4B23-8DF2-65406F1CA8E2}.SpammyOutput|Any CPU.Build.0 = SpammyOutput|Any CPU
	EndGlobalSection
	GlobalSection(SolutionProperties) = preSolution
		HideSolutionNode = FALSE
	EndGlobalSection
	GlobalSection(ExtensibilityGlobals) = postSolution
		SolutionGuid = {350979DC-A841-47AB-BB0B-63E68C3AD259}
	EndGlobalSection
EndGlobal
